
Microsoft Visual Studio Solution File, Format Version 12.00
# Visual Studio 14
VisualStudioVersion = 14.0.25420.1
MinimumVisualStudioVersion = 10.0.40219.1
Project("{FAE04EC0-301F-11D3-BF4B-00C04F79EFBC}") = "demo_test", "demo_test\demo_test.csproj", "{82B3901B-35A1-408B-B428-0A938FB0844E}"
EndProject
Project("{FAE04EC0-301F-11D3-BF4B-00C04F79EFBC}") = "web_test", "web_test\web_test.csproj", "{7FFB8D14-5D19-4D89-ABC3-B0D0854BA095}"
EndProject
Project("{FAE04EC0-301F-11D3-BF4B-00C04F79EFBC}") = "WPFUserControl", "WPFUserControl\WPFUserControl.csproj", "{6B75D595-2B5A-4B52-A7A3-6907038610BB}"
EndProject
Global
	GlobalSection(SolutionConfigurationPlatforms) = preSolution
		Debug|Any CPU = Debug|Any CPU
		Debug|x86 = Debug|x86
		Release|Any CPU = Release|Any CPU
		Release|x86 = Release|x86
	EndGlobalSection
	GlobalSection(ProjectConfigurationPlatforms) = postSolution
		{82B3901B-35A1-408B-B428-0A938FB0844E}.Debug|Any CPU.ActiveCfg = Debug|Any CPU
		{82B3901B-35A1-408B-B428-0A938FB0844E}.Debug|Any CPU.Build.0 = Debug|Any CPU
		{82B3901B-35A1-408B-B428-0A938FB0844E}.Debug|x86.ActiveCfg = Debug|Any CPU
		{82B3901B-35A1-408B-B428-0A938FB0844E}.Debug|x86.Build.0 = Debug|Any CPU
		{82B3901B-35A1-408B-B428-0A938FB0844E}.Release|Any CPU.ActiveCfg = Release|Any CPU
		{82B3901B-35A1-408B-B428-0A938FB0844E}.Release|Any CPU.Build.0 = Release|Any CPU
		{82B3901B-35A1-408B-B428-0A938FB0844E}.Release|x86.ActiveCfg = Release|Any CPU
		{82B3901B-35A1-408B-B428-0A938FB0844E}.Release|x86.Build.0 = Release|Any CPU
		{7FFB8D14-5D19-4D89-ABC3-B0D0854BA095}.Debug|Any CPU.ActiveCfg = Debug|Any CPU
		{7FFB8D14-5D19-4D89-ABC3-B0D0854BA095}.Debug|Any CPU.Build.0 = Debug|Any CPU
		{7FFB8D14-5D19-4D89-ABC3-B0D0854BA095}.Debug|x86.ActiveCfg = Debug|Any CPU
		{7FFB8D14-5D19-4D89-ABC3-B0D0854BA095}.Debug|x86.Build.0 = Debug|Any CPU
		{7FFB8D14-5D19-4D89-ABC3-B0D0854BA095}.Release|Any CPU.ActiveCfg = Release|Any CPU
		{7FFB8D14-5D19-4D89-ABC3-B0D0854BA095}.Release|Any CPU.Build.0 = Release|Any CPU
		{7FFB8D14-5D19-4D89-ABC3-B0D0854BA095}.Release|x86.ActiveCfg = Release|Any CPU
		{7FFB8D14-5D19-4D89-ABC3-B0D0854BA095}.Release|x86.Build.0 = Release|Any CPU
		{6B75D595-2B5A-4B52-A7A3-6907038610BB}.Debug|Any CPU.ActiveCfg = Debug|Any CPU
		{6B75D595-2B5A-4B52-A7A3-6907038610BB}.Debug|Any CPU.Build.0 = Debug|Any CPU
		{6B75D595-2B5A-4B52-A7A3-6907038610BB}.Debug|x86.ActiveCfg = Debug|Any CPU
		{6B75D595-2B5A-4B52-A7A3-6907038610BB}.Debug|x86.Build.0 = Debug|Any CPU
		{6B75D595-2B5A-4B52-A7A3-6907038610BB}.Release|Any CPU.ActiveCfg = Release|Any CPU
		{6B75D595-2B5A-4B52-A7A3-6907038610BB}.Release|Any CPU.Build.0 = Release|Any CPU
		{6B75D595-2B5A-4B52-A7A3-6907038610BB}.Release|x86.ActiveCfg = Release|Any CPU
		{6B75D595-2B5A-4B52-A7A3-6907038610BB}.Release|x86.Build.0 = Release|Any CPU
	EndGlobalSection
	GlobalSection(SolutionProperties) = preSolution
		HideSolutionNode = FALSE
	EndGlobalSection
EndGlobal
